// !$*UTF8*$!
{
	archiveVersion = 1;
	classes = {
	};
	objectVersion = 56;
	objects = {

/* Begin PBXBuildFile section */
		ED2076A92B71188900B3400C /* AppDelegate.swift in Sources */ = {isa = PBXBuildFile; fileRef = ED2076A82B71188900B3400C /* AppDelegate.swift */; };
		ED2076AB2B71188900B3400C /* SceneDelegate.swift in Sources */ = {isa = PBXBuildFile; fileRef = ED2076AA2B71188900B3400C /* SceneDelegate.swift */; };
		ED2076AD2B71188900B3400C /* MainTabBarController.swift in Sources */ = {isa = PBXBuildFile; fileRef = ED2076AC2B71188900B3400C /* MainTabBarController.swift */; };
		ED2076B22B71188A00B3400C /* Assets.xcassets in Resources */ = {isa = PBXBuildFile; fileRef = ED2076B12B71188A00B3400C /* Assets.xcassets */; };
		ED2076B52B71188A00B3400C /* LaunchScreen.storyboard in Resources */ = {isa = PBXBuildFile; fileRef = ED2076B32B71188A00B3400C /* LaunchScreen.storyboard */; };
		ED3EC5162B85350C00A35708 /* NotificationCommentTableViewCell.swift in Sources */ = {isa = PBXBuildFile; fileRef = ED3EC5152B85350C00A35708 /* NotificationCommentTableViewCell.swift */; };
		ED3EC5182B85352E00A35708 /* NotificationProtocol.swift in Sources */ = {isa = PBXBuildFile; fileRef = ED3EC5172B85352E00A35708 /* NotificationProtocol.swift */; };
		ED3EC51A2B8550DF00A35708 /* NotificationSubscriptionTableViewCell.swift in Sources */ = {isa = PBXBuildFile; fileRef = ED3EC5192B8550DF00A35708 /* NotificationSubscriptionTableViewCell.swift */; };
		ED3EC51C2B86142D00A35708 /* NotificationComment.swift in Sources */ = {isa = PBXBuildFile; fileRef = ED3EC51B2B86142D00A35708 /* NotificationComment.swift */; };
		ED3EC51E2B86146400A35708 /* NotificationSubscription.swift in Sources */ = {isa = PBXBuildFile; fileRef = ED3EC51D2B86146400A35708 /* NotificationSubscription.swift */; };
		ED3EC5202B8624A300A35708 /* NotificationType.swift in Sources */ = {isa = PBXBuildFile; fileRef = ED3EC51F2B8624A300A35708 /* NotificationType.swift */; };
		ED3EC5222B8626EF00A35708 /* CellsType.swift in Sources */ = {isa = PBXBuildFile; fileRef = ED3EC5212B8626EF00A35708 /* CellsType.swift */; };
		ED3EC5282B86896300A35708 /* PhotoTableViewCell.swift in Sources */ = {isa = PBXBuildFile; fileRef = ED3EC5272B86896300A35708 /* PhotoTableViewCell.swift */; };
		ED3EC52A2B86897400A35708 /* СurrentStoriesTableViewCell.swift in Sources */ = {isa = PBXBuildFile; fileRef = ED3EC5292B86897400A35708 /* СurrentStoriesTableViewCell.swift */; };
		ED3EC52E2B8690A300A35708 /* Photo.swift in Sources */ = {isa = PBXBuildFile; fileRef = ED3EC52D2B8690A300A35708 /* Photo.swift */; };
		ED3EC5302B8690B300A35708 /* CurrentStories.swift in Sources */ = {isa = PBXBuildFile; fileRef = ED3EC52F2B8690B300A35708 /* CurrentStories.swift */; };
		ED3EC5322B8690C200A35708 /* ProfileInfo.swift in Sources */ = {isa = PBXBuildFile; fileRef = ED3EC5312B8690C200A35708 /* ProfileInfo.swift */; };
		ED3EC5342B86910200A35708 /* ProfileProtocol.swift in Sources */ = {isa = PBXBuildFile; fileRef = ED3EC5332B86910200A35708 /* ProfileProtocol.swift */; };
		ED3EC5362B86911100A35708 /* ProfileCellTypes.swift in Sources */ = {isa = PBXBuildFile; fileRef = ED3EC5352B86911100A35708 /* ProfileCellTypes.swift */; };
		ED3EC53A2B87968500A35708 /* SpacexViewController.swift in Sources */ = {isa = PBXBuildFile; fileRef = ED3EC5392B87968500A35708 /* SpacexViewController.swift */; };
		ED3EC55C2B87A3A200A35708 /* StoriesViewController.swift in Sources */ = {isa = PBXBuildFile; fileRef = ED3EC55B2B87A3A200A35708 /* StoriesViewController.swift */; };
		ED3EC5622B88762F00A35708 /* ProfileInfoTableViewCell.swift in Sources */ = {isa = PBXBuildFile; fileRef = ED3EC5612B88762F00A35708 /* ProfileInfoTableViewCell.swift */; };
		ED3EC5642B88763B00A35708 /* PhotoCollectionViewCell.swift in Sources */ = {isa = PBXBuildFile; fileRef = ED3EC5632B88763B00A35708 /* PhotoCollectionViewCell.swift */; };
		EDEAFA4D2B83AB0800533100 /* PhotoFeedViewController.swift in Sources */ = {isa = PBXBuildFile; fileRef = EDEAFA4C2B83AB0800533100 /* PhotoFeedViewController.swift */; };
		EDEAFA4F2B83AB3000533100 /* NotificationsViewController.swift in Sources */ = {isa = PBXBuildFile; fileRef = EDEAFA4E2B83AB3000533100 /* NotificationsViewController.swift */; };
		EDEAFA512B83AB4200533100 /* ProfileViewController.swift in Sources */ = {isa = PBXBuildFile; fileRef = EDEAFA502B83AB4200533100 /* ProfileViewController.swift */; };
		EDEAFA532B83B13A00533100 /* AppConstants.swift in Sources */ = {isa = PBXBuildFile; fileRef = EDEAFA522B83B13A00533100 /* AppConstants.swift */; };
		EDEAFA562B83C40F00533100 /* StoriesTableViewCell.swift in Sources */ = {isa = PBXBuildFile; fileRef = EDEAFA552B83C40F00533100 /* StoriesTableViewCell.swift */; };
		EDEAFA582B83C4D200533100 /* PostTableViewCell.swift in Sources */ = {isa = PBXBuildFile; fileRef = EDEAFA572B83C4D200533100 /* PostTableViewCell.swift */; };
		EDEAFA5A2B83C53D00533100 /* RecommendTableViewCell.swift in Sources */ = {isa = PBXBuildFile; fileRef = EDEAFA592B83C53C00533100 /* RecommendTableViewCell.swift */; };
		EDEAFA5C2B83CD2500533100 /* CellProtocol.swift in Sources */ = {isa = PBXBuildFile; fileRef = EDEAFA5B2B83CD2500533100 /* CellProtocol.swift */; };
		EDEAFA5F2B83CDF400533100 /* StoriesCellModel.swift in Sources */ = {isa = PBXBuildFile; fileRef = EDEAFA5E2B83CDF400533100 /* StoriesCellModel.swift */; };
		EDEAFA622B83CE6F00533100 /* PostCellModel.swift in Sources */ = {isa = PBXBuildFile; fileRef = EDEAFA612B83CE6F00533100 /* PostCellModel.swift */; };
		EDEAFA652B83D83100533100 /* RecomendationCellModel.swift in Sources */ = {isa = PBXBuildFile; fileRef = EDEAFA642B83D83100533100 /* RecomendationCellModel.swift */; };
/* End PBXBuildFile section */

/* Begin PBXFileReference section */
		ED2076A52B71188900B3400C /* UIKitDZ.app */ = {isa = PBXFileReference; explicitFileType = wrapper.application; includeInIndex = 0; path = UIKitDZ.app; sourceTree = BUILT_PRODUCTS_DIR; };
		ED2076A82B71188900B3400C /* AppDelegate.swift */ = {isa = PBXFileReference; lastKnownFileType = sourcecode.swift; path = AppDelegate.swift; sourceTree = "<group>"; };
		ED2076AA2B71188900B3400C /* SceneDelegate.swift */ = {isa = PBXFileReference; lastKnownFileType = sourcecode.swift; path = SceneDelegate.swift; sourceTree = "<group>"; };
		ED2076AC2B71188900B3400C /* MainTabBarController.swift */ = {isa = PBXFileReference; lastKnownFileType = sourcecode.swift; path = MainTabBarController.swift; sourceTree = "<group>"; };
		ED2076B12B71188A00B3400C /* Assets.xcassets */ = {isa = PBXFileReference; lastKnownFileType = folder.assetcatalog; path = Assets.xcassets; sourceTree = "<group>"; };
		ED2076B42B71188A00B3400C /* Base */ = {isa = PBXFileReference; lastKnownFileType = file.storyboard; name = Base; path = Base.lproj/LaunchScreen.storyboard; sourceTree = "<group>"; };
		ED2076B62B71188A00B3400C /* Info.plist */ = {isa = PBXFileReference; lastKnownFileType = text.plist.xml; path = Info.plist; sourceTree = "<group>"; };
		ED3EC5152B85350C00A35708 /* NotificationCommentTableViewCell.swift */ = {isa = PBXFileReference; lastKnownFileType = sourcecode.swift; path = NotificationCommentTableViewCell.swift; sourceTree = "<group>"; };
		ED3EC5172B85352E00A35708 /* NotificationProtocol.swift */ = {isa = PBXFileReference; lastKnownFileType = sourcecode.swift; path = NotificationProtocol.swift; sourceTree = "<group>"; };
		ED3EC5192B8550DF00A35708 /* NotificationSubscriptionTableViewCell.swift */ = {isa = PBXFileReference; lastKnownFileType = sourcecode.swift; path = NotificationSubscriptionTableViewCell.swift; sourceTree = "<group>"; };
		ED3EC51B2B86142D00A35708 /* NotificationComment.swift */ = {isa = PBXFileReference; lastKnownFileType = sourcecode.swift; path = NotificationComment.swift; sourceTree = "<group>"; };
		ED3EC51D2B86146400A35708 /* NotificationSubscription.swift */ = {isa = PBXFileReference; lastKnownFileType = sourcecode.swift; path = NotificationSubscription.swift; sourceTree = "<group>"; };
		ED3EC51F2B8624A300A35708 /* NotificationType.swift */ = {isa = PBXFileReference; lastKnownFileType = sourcecode.swift; path = NotificationType.swift; sourceTree = "<group>"; };
		ED3EC5212B8626EF00A35708 /* CellsType.swift */ = {isa = PBXFileReference; lastKnownFileType = sourcecode.swift; path = CellsType.swift; sourceTree = "<group>"; };
		ED3EC5272B86896300A35708 /* PhotoTableViewCell.swift */ = {isa = PBXFileReference; lastKnownFileType = sourcecode.swift; path = PhotoTableViewCell.swift; sourceTree = "<group>"; };
		ED3EC5292B86897400A35708 /* СurrentStoriesTableViewCell.swift */ = {isa = PBXFileReference; lastKnownFileType = sourcecode.swift; path = "СurrentStoriesTableViewCell.swift"; sourceTree = "<group>"; };
		ED3EC52D2B8690A300A35708 /* Photo.swift */ = {isa = PBXFileReference; lastKnownFileType = sourcecode.swift; path = Photo.swift; sourceTree = "<group>"; };
		ED3EC52F2B8690B300A35708 /* CurrentStories.swift */ = {isa = PBXFileReference; lastKnownFileType = sourcecode.swift; path = CurrentStories.swift; sourceTree = "<group>"; };
		ED3EC5312B8690C200A35708 /* ProfileInfo.swift */ = {isa = PBXFileReference; lastKnownFileType = sourcecode.swift; path = ProfileInfo.swift; sourceTree = "<group>"; };
		ED3EC5332B86910200A35708 /* ProfileProtocol.swift */ = {isa = PBXFileReference; lastKnownFileType = sourcecode.swift; path = ProfileProtocol.swift; sourceTree = "<group>"; };
		ED3EC5352B86911100A35708 /* ProfileCellTypes.swift */ = {isa = PBXFileReference; lastKnownFileType = sourcecode.swift; path = ProfileCellTypes.swift; sourceTree = "<group>"; };
		ED3EC5392B87968500A35708 /* SpacexViewController.swift */ = {isa = PBXFileReference; lastKnownFileType = sourcecode.swift; path = SpacexViewController.swift; sourceTree = "<group>"; };
		ED3EC55B2B87A3A200A35708 /* StoriesViewController.swift */ = {isa = PBXFileReference; lastKnownFileType = sourcecode.swift; path = StoriesViewController.swift; sourceTree = "<group>"; };
		ED3EC5612B88762F00A35708 /* ProfileInfoTableViewCell.swift */ = {isa = PBXFileReference; fileEncoding = 4; lastKnownFileType = sourcecode.swift; name = ProfileInfoTableViewCell.swift; path = UIKitDZ/ProfileScreen/Cells/PhotoCell/ProfileInfoTableViewCell.swift; sourceTree = SOURCE_ROOT; };
		ED3EC5632B88763B00A35708 /* PhotoCollectionViewCell.swift */ = {isa = PBXFileReference; fileEncoding = 4; lastKnownFileType = sourcecode.swift; path = PhotoCollectionViewCell.swift; sourceTree = "<group>"; };
		EDEAFA4C2B83AB0800533100 /* PhotoFeedViewController.swift */ = {isa = PBXFileReference; lastKnownFileType = sourcecode.swift; path = PhotoFeedViewController.swift; sourceTree = "<group>"; };
		EDEAFA4E2B83AB3000533100 /* NotificationsViewController.swift */ = {isa = PBXFileReference; lastKnownFileType = sourcecode.swift; path = NotificationsViewController.swift; sourceTree = "<group>"; };
		EDEAFA502B83AB4200533100 /* ProfileViewController.swift */ = {isa = PBXFileReference; lastKnownFileType = sourcecode.swift; path = ProfileViewController.swift; sourceTree = "<group>"; };
		EDEAFA522B83B13A00533100 /* AppConstants.swift */ = {isa = PBXFileReference; lastKnownFileType = sourcecode.swift; path = AppConstants.swift; sourceTree = "<group>"; };
		EDEAFA552B83C40F00533100 /* StoriesTableViewCell.swift */ = {isa = PBXFileReference; lastKnownFileType = sourcecode.swift; path = StoriesTableViewCell.swift; sourceTree = "<group>"; };
		EDEAFA572B83C4D200533100 /* PostTableViewCell.swift */ = {isa = PBXFileReference; lastKnownFileType = sourcecode.swift; path = PostTableViewCell.swift; sourceTree = "<group>"; };
		EDEAFA592B83C53C00533100 /* RecommendTableViewCell.swift */ = {isa = PBXFileReference; lastKnownFileType = sourcecode.swift; path = RecommendTableViewCell.swift; sourceTree = "<group>"; };
		EDEAFA5B2B83CD2500533100 /* CellProtocol.swift */ = {isa = PBXFileReference; lastKnownFileType = sourcecode.swift; path = CellProtocol.swift; sourceTree = "<group>"; };
		EDEAFA5E2B83CDF400533100 /* StoriesCellModel.swift */ = {isa = PBXFileReference; lastKnownFileType = sourcecode.swift; path = StoriesCellModel.swift; sourceTree = "<group>"; };
		EDEAFA612B83CE6F00533100 /* PostCellModel.swift */ = {isa = PBXFileReference; lastKnownFileType = sourcecode.swift; path = PostCellModel.swift; sourceTree = "<group>"; };
		EDEAFA642B83D83100533100 /* RecomendationCellModel.swift */ = {isa = PBXFileReference; lastKnownFileType = sourcecode.swift; path = RecomendationCellModel.swift; sourceTree = "<group>"; };
/* End PBXFileReference section */

/* Begin PBXFrameworksBuildPhase section */
		ED2076A22B71188900B3400C /* Frameworks */ = {
			isa = PBXFrameworksBuildPhase;
			buildActionMask = 2147483647;
			files = (
			);
			runOnlyForDeploymentPostprocessing = 0;
		};
/* End PBXFrameworksBuildPhase section */

/* Begin PBXGroup section */
		ED20769C2B71188900B3400C = {
			isa = PBXGroup;
			children = (
				ED2076A72B71188900B3400C /* UIKitDZ */,
				ED2076A62B71188900B3400C /* Products */,
			);
			sourceTree = "<group>";
		};
		ED2076A62B71188900B3400C /* Products */ = {
			isa = PBXGroup;
			children = (
				ED2076A52B71188900B3400C /* UIKitDZ.app */,
			);
			name = Products;
			sourceTree = "<group>";
		};
		ED2076A72B71188900B3400C /* UIKitDZ */ = {
			isa = PBXGroup;
			children = (
				ED3EC55E2B87B3B400A35708 /* SpacexScreen */,
				ED3EC55D2B87A3AA00A35708 /* StroriesScreen */,
				EDEAFA4B2B83AADE00533100 /* ProfileScreen */,
				EDEAFA4A2B83AA1600533100 /* NotificationsScreen */,
				EDEAFA492B83AA0600533100 /* PhotoFeedScreen */,
				EDEAFA482B83A7F400533100 /* TabBar */,
				EDEAFA472B83A7D500533100 /* Delegate */,
				ED2076B12B71188A00B3400C /* Assets.xcassets */,
				ED2076B32B71188A00B3400C /* LaunchScreen.storyboard */,
				ED2076B62B71188A00B3400C /* Info.plist */,
			);
			path = UIKitDZ;
			sourceTree = "<group>";
		};
		ED3EC5142B852BB400A35708 /* Cells */ = {
			isa = PBXGroup;
			children = (
				ED3EC5602B87E54700A35708 /* SubscriptionCell */,
				ED3EC55F2B87E53A00A35708 /* CommentCell */,
				ED3EC5172B85352E00A35708 /* NotificationProtocol.swift */,
				ED3EC51F2B8624A300A35708 /* NotificationType.swift */,
			);
			path = Cells;
			sourceTree = "<group>";
		};
		ED3EC5232B86888900A35708 /* Cells */ = {
			isa = PBXGroup;
			children = (
				ED3EC5262B86892400A35708 /* PhotoCell */,
				ED3EC5252B86890B00A35708 /* СurrentStoriesCell */,
				ED3EC5242B86889C00A35708 /* ProfileInfoCell */,
				ED3EC5332B86910200A35708 /* ProfileProtocol.swift */,
				ED3EC5352B86911100A35708 /* ProfileCellTypes.swift */,
			);
			path = Cells;
			sourceTree = "<group>";
		};
		ED3EC5242B86889C00A35708 /* ProfileInfoCell */ = {
			isa = PBXGroup;
			children = (
				ED3EC5612B88762F00A35708 /* ProfileInfoTableViewCell.swift */,
				ED3EC5312B8690C200A35708 /* ProfileInfo.swift */,
			);
			path = ProfileInfoCell;
			sourceTree = "<group>";
		};
		ED3EC5252B86890B00A35708 /* СurrentStoriesCell */ = {
			isa = PBXGroup;
			children = (
				ED3EC5292B86897400A35708 /* СurrentStoriesTableViewCell.swift */,
				ED3EC52F2B8690B300A35708 /* CurrentStories.swift */,
			);
			path = "СurrentStoriesCell";
			sourceTree = "<group>";
		};
		ED3EC5262B86892400A35708 /* PhotoCell */ = {
			isa = PBXGroup;
			children = (
				ED3EC5272B86896300A35708 /* PhotoTableViewCell.swift */,
				ED3EC5632B88763B00A35708 /* PhotoCollectionViewCell.swift */,
				ED3EC52D2B8690A300A35708 /* Photo.swift */,
			);
			path = PhotoCell;
			sourceTree = "<group>";
		};
		ED3EC55D2B87A3AA00A35708 /* StroriesScreen */ = {
			isa = PBXGroup;
			children = (
				ED3EC55B2B87A3A200A35708 /* StoriesViewController.swift */,
			);
			path = StroriesScreen;
			sourceTree = "<group>";
		};
		ED3EC55E2B87B3B400A35708 /* SpacexScreen */ = {
			isa = PBXGroup;
			children = (
				ED3EC5392B87968500A35708 /* SpacexViewController.swift */,
			);
			path = SpacexScreen;
			sourceTree = "<group>";
		};
		ED3EC55F2B87E53A00A35708 /* CommentCell */ = {
			isa = PBXGroup;
			children = (
				ED3EC51B2B86142D00A35708 /* NotificationComment.swift */,
				ED3EC5152B85350C00A35708 /* NotificationCommentTableViewCell.swift */,
			);
			path = CommentCell;
			sourceTree = "<group>";
		};
		ED3EC5602B87E54700A35708 /* SubscriptionCell */ = {
			isa = PBXGroup;
			children = (
				ED3EC5192B8550DF00A35708 /* NotificationSubscriptionTableViewCell.swift */,
				ED3EC51D2B86146400A35708 /* NotificationSubscription.swift */,
			);
			path = SubscriptionCell;
			sourceTree = "<group>";
		};
		EDEAFA472B83A7D500533100 /* Delegate */ = {
			isa = PBXGroup;
			children = (
				ED2076AA2B71188900B3400C /* SceneDelegate.swift */,
				EDEAFA522B83B13A00533100 /* AppConstants.swift */,
				ED2076A82B71188900B3400C /* AppDelegate.swift */,
			);
			path = Delegate;
			sourceTree = "<group>";
		};
		EDEAFA482B83A7F400533100 /* TabBar */ = {
			isa = PBXGroup;
			children = (
				ED2076AC2B71188900B3400C /* MainTabBarController.swift */,
			);
			path = TabBar;
			sourceTree = "<group>";
		};
		EDEAFA492B83AA0600533100 /* PhotoFeedScreen */ = {
			isa = PBXGroup;
			children = (
				EDEAFA4C2B83AB0800533100 /* PhotoFeedViewController.swift */,
				EDEAFA542B83C32F00533100 /* Cells */,
			);
			path = PhotoFeedScreen;
			sourceTree = "<group>";
		};
		EDEAFA4A2B83AA1600533100 /* NotificationsScreen */ = {
			isa = PBXGroup;
			children = (
				ED3EC5142B852BB400A35708 /* Cells */,
				EDEAFA4E2B83AB3000533100 /* NotificationsViewController.swift */,
			);
			path = NotificationsScreen;
			sourceTree = "<group>";
		};
		EDEAFA4B2B83AADE00533100 /* ProfileScreen */ = {
			isa = PBXGroup;
			children = (
				ED3EC5232B86888900A35708 /* Cells */,
				EDEAFA502B83AB4200533100 /* ProfileViewController.swift */,
			);
			path = ProfileScreen;
			sourceTree = "<group>";
		};
		EDEAFA542B83C32F00533100 /* Cells */ = {
			isa = PBXGroup;
			children = (
				EDEAFA602B83CE5100533100 /* PostCell */,
				EDEAFA5D2B83CDE700533100 /* StoriesCell */,
				EDEAFA632B83D79300533100 /* RecomendationCell */,
				EDEAFA5B2B83CD2500533100 /* CellProtocol.swift */,
				ED3EC5212B8626EF00A35708 /* CellsType.swift */,
			);
			path = Cells;
			sourceTree = "<group>";
		};
		EDEAFA5D2B83CDE700533100 /* StoriesCell */ = {
			isa = PBXGroup;
			children = (
				EDEAFA552B83C40F00533100 /* StoriesTableViewCell.swift */,
				EDEAFA5E2B83CDF400533100 /* StoriesCellModel.swift */,
			);
			path = StoriesCell;
			sourceTree = "<group>";
		};
		EDEAFA602B83CE5100533100 /* PostCell */ = {
			isa = PBXGroup;
			children = (
				EDEAFA572B83C4D200533100 /* PostTableViewCell.swift */,
				EDEAFA612B83CE6F00533100 /* PostCellModel.swift */,
			);
			path = PostCell;
			sourceTree = "<group>";
		};
		EDEAFA632B83D79300533100 /* RecomendationCell */ = {
			isa = PBXGroup;
			children = (
				EDEAFA592B83C53C00533100 /* RecommendTableViewCell.swift */,
				EDEAFA642B83D83100533100 /* RecomendationCellModel.swift */,
			);
			path = RecomendationCell;
			sourceTree = "<group>";
		};
/* End PBXGroup section */

/* Begin PBXNativeTarget section */
		ED2076A42B71188900B3400C /* UIKitDZ */ = {
			isa = PBXNativeTarget;
			buildConfigurationList = ED2076B92B71188A00B3400C /* Build configuration list for PBXNativeTarget "UIKitDZ" */;
			buildPhases = (
				ED2076E22B72205100B3400C /* SwiftFormat */,
				ED2076E12B721B1200B3400C /* SwiftLint */,
				ED2076A12B71188900B3400C /* Sources */,
				ED2076A22B71188900B3400C /* Frameworks */,
				ED2076A32B71188900B3400C /* Resources */,
			);
			buildRules = (
			);
			dependencies = (
			);
			name = UIKitDZ;
			productName = UIKitDZ;
			productReference = ED2076A52B71188900B3400C /* UIKitDZ.app */;
			productType = "com.apple.product-type.application";
		};
/* End PBXNativeTarget section */

/* Begin PBXProject section */
		ED20769D2B71188900B3400C /* Project object */ = {
			isa = PBXProject;
			attributes = {
				BuildIndependentTargetsInParallel = 1;
				LastSwiftUpdateCheck = 1430;
				LastUpgradeCheck = 1430;
				TargetAttributes = {
					ED2076A42B71188900B3400C = {
						CreatedOnToolsVersion = 14.3.1;
					};
				};
			};
			buildConfigurationList = ED2076A02B71188900B3400C /* Build configuration list for PBXProject "UIKitDZ" */;
			compatibilityVersion = "Xcode 14.0";
			developmentRegion = en;
			hasScannedForEncodings = 0;
			knownRegions = (
				en,
				Base,
			);
			mainGroup = ED20769C2B71188900B3400C;
			productRefGroup = ED2076A62B71188900B3400C /* Products */;
			projectDirPath = "";
			projectRoot = "";
			targets = (
				ED2076A42B71188900B3400C /* UIKitDZ */,
			);
		};
/* End PBXProject section */

/* Begin PBXResourcesBuildPhase section */
		ED2076A32B71188900B3400C /* Resources */ = {
			isa = PBXResourcesBuildPhase;
			buildActionMask = 2147483647;
			files = (
				ED2076B52B71188A00B3400C /* LaunchScreen.storyboard in Resources */,
				ED2076B22B71188A00B3400C /* Assets.xcassets in Resources */,
			);
			runOnlyForDeploymentPostprocessing = 0;
		};
/* End PBXResourcesBuildPhase section */

/* Begin PBXShellScriptBuildPhase section */
		ED2076E12B721B1200B3400C /* SwiftLint */ = {
			isa = PBXShellScriptBuildPhase;
			alwaysOutOfDate = 1;
			buildActionMask = 2147483647;
			files = (
			);
			inputFileListPaths = (
			);
			inputPaths = (
			);
			name = SwiftLint;
			outputFileListPaths = (
			);
			outputPaths = (
			);
			runOnlyForDeploymentPostprocessing = 0;
			shellPath = /bin/sh;
			shellScript = "if [[ \"$(uname -m)\" == arm64 ]]; then\n    export PATH=\"/opt/homebrew/bin:$PATH\"\nfi\n\nif which swiftlint > /dev/null; then\n  swiftlint\nelse\n  echo \"warning: SwiftLint not installed, download from https://github.com/realm/SwiftLint\"\nfi\n";
			showEnvVarsInLog = 0;
		};
		ED2076E22B72205100B3400C /* SwiftFormat */ = {
			isa = PBXShellScriptBuildPhase;
			alwaysOutOfDate = 1;
			buildActionMask = 2147483647;
			files = (
			);
			inputFileListPaths = (
			);
			inputPaths = (
			);
			name = SwiftFormat;
			outputFileListPaths = (
			);
			outputPaths = (
			);
			runOnlyForDeploymentPostprocessing = 0;
			shellPath = /bin/sh;
			shellScript = "if [[ \"$(uname -m)\" == arm64 ]]; then\n    export PATH=\"/opt/homebrew/bin:$PATH\"\nfi\n\nif which swiftformat > /dev/null; then\n  swiftformat .\nelse\n  echo \"warning: SwiftFormat not installed, download from https://github.com/nicklockwood/SwiftFormat\"\nfi\n";
			showEnvVarsInLog = 0;
		};
/* End PBXShellScriptBuildPhase section */

/* Begin PBXSourcesBuildPhase section */
		ED2076A12B71188900B3400C /* Sources */ = {
			isa = PBXSourcesBuildPhase;
			buildActionMask = 2147483647;
			files = (
				EDEAFA652B83D83100533100 /* RecomendationCellModel.swift in Sources */,
				ED3EC5302B8690B300A35708 /* CurrentStories.swift in Sources */,
				ED3EC51A2B8550DF00A35708 /* NotificationSubscriptionTableViewCell.swift in Sources */,
				ED3EC5342B86910200A35708 /* ProfileProtocol.swift in Sources */,
				EDEAFA5A2B83C53D00533100 /* RecommendTableViewCell.swift in Sources */,
				EDEAFA512B83AB4200533100 /* ProfileViewController.swift in Sources */,
				ED3EC51C2B86142D00A35708 /* NotificationComment.swift in Sources */,
				ED3EC53A2B87968500A35708 /* SpacexViewController.swift in Sources */,
				EDEAFA562B83C40F00533100 /* StoriesTableViewCell.swift in Sources */,
				ED3EC5642B88763B00A35708 /* PhotoCollectionViewCell.swift in Sources */,
				ED3EC5182B85352E00A35708 /* NotificationProtocol.swift in Sources */,
				ED3EC5222B8626EF00A35708 /* CellsType.swift in Sources */,
				EDEAFA4F2B83AB3000533100 /* NotificationsViewController.swift in Sources */,
				ED3EC52E2B8690A300A35708 /* Photo.swift in Sources */,
				ED3EC51E2B86146400A35708 /* NotificationSubscription.swift in Sources */,
				ED3EC5282B86896300A35708 /* PhotoTableViewCell.swift in Sources */,
				ED3EC5362B86911100A35708 /* ProfileCellTypes.swift in Sources */,
				ED2076AD2B71188900B3400C /* MainTabBarController.swift in Sources */,
				ED3EC5162B85350C00A35708 /* NotificationCommentTableViewCell.swift in Sources */,
				EDEAFA5C2B83CD2500533100 /* CellProtocol.swift in Sources */,
				ED3EC5622B88762F00A35708 /* ProfileInfoTableViewCell.swift in Sources */,
				EDEAFA622B83CE6F00533100 /* PostCellModel.swift in Sources */,
				EDEAFA4D2B83AB0800533100 /* PhotoFeedViewController.swift in Sources */,
				ED3EC5202B8624A300A35708 /* NotificationType.swift in Sources */,
				EDEAFA5F2B83CDF400533100 /* StoriesCellModel.swift in Sources */,
				ED3EC5322B8690C200A35708 /* ProfileInfo.swift in Sources */,
				EDEAFA532B83B13A00533100 /* AppConstants.swift in Sources */,
				ED2076A92B71188900B3400C /* AppDelegate.swift in Sources */,
				ED2076AB2B71188900B3400C /* SceneDelegate.swift in Sources */,
				EDEAFA582B83C4D200533100 /* PostTableViewCell.swift in Sources */,
				ED3EC55C2B87A3A200A35708 /* StoriesViewController.swift in Sources */,
				ED3EC52A2B86897400A35708 /* СurrentStoriesTableViewCell.swift in Sources */,
			);
			runOnlyForDeploymentPostprocessing = 0;
		};
/* End PBXSourcesBuildPhase section */

/* Begin PBXVariantGroup section */
		ED2076B32B71188A00B3400C /* LaunchScreen.storyboard */ = {
			isa = PBXVariantGroup;
			children = (
				ED2076B42B71188A00B3400C /* Base */,
			);
			name = LaunchScreen.storyboard;
			sourceTree = "<group>";
		};
/* End PBXVariantGroup section */

/* Begin XCBuildConfiguration section */
		ED2076B72B71188A00B3400C /* Debug */ = {
			isa = XCBuildConfiguration;
			buildSettings = {
				ALWAYS_SEARCH_USER_PATHS = NO;
				CLANG_ANALYZER_NONNULL = YES;
				CLANG_ANALYZER_NUMBER_OBJECT_CONVERSION = YES_AGGRESSIVE;
				CLANG_CXX_LANGUAGE_STANDARD = "gnu++20";
				CLANG_ENABLE_MODULES = YES;
				CLANG_ENABLE_OBJC_ARC = YES;
				CLANG_ENABLE_OBJC_WEAK = YES;
				CLANG_WARN_BLOCK_CAPTURE_AUTORELEASING = YES;
				CLANG_WARN_BOOL_CONVERSION = YES;
				CLANG_WARN_COMMA = YES;
				CLANG_WARN_CONSTANT_CONVERSION = YES;
				CLANG_WARN_DEPRECATED_OBJC_IMPLEMENTATIONS = YES;
				CLANG_WARN_DIRECT_OBJC_ISA_USAGE = YES_ERROR;
				CLANG_WARN_DOCUMENTATION_COMMENTS = YES;
				CLANG_WARN_EMPTY_BODY = YES;
				CLANG_WARN_ENUM_CONVERSION = YES;
				CLANG_WARN_INFINITE_RECURSION = YES;
				CLANG_WARN_INT_CONVERSION = YES;
				CLANG_WARN_NON_LITERAL_NULL_CONVERSION = YES;
				CLANG_WARN_OBJC_IMPLICIT_RETAIN_SELF = YES;
				CLANG_WARN_OBJC_LITERAL_CONVERSION = YES;
				CLANG_WARN_OBJC_ROOT_CLASS = YES_ERROR;
				CLANG_WARN_QUOTED_INCLUDE_IN_FRAMEWORK_HEADER = YES;
				CLANG_WARN_RANGE_LOOP_ANALYSIS = YES;
				CLANG_WARN_STRICT_PROTOTYPES = YES;
				CLANG_WARN_SUSPICIOUS_MOVE = YES;
				CLANG_WARN_UNGUARDED_AVAILABILITY = YES_AGGRESSIVE;
				CLANG_WARN_UNREACHABLE_CODE = YES;
				CLANG_WARN__DUPLICATE_METHOD_MATCH = YES;
				COPY_PHASE_STRIP = NO;
				DEBUG_INFORMATION_FORMAT = dwarf;
				ENABLE_STRICT_OBJC_MSGSEND = YES;
				ENABLE_TESTABILITY = YES;
				GCC_C_LANGUAGE_STANDARD = gnu11;
				GCC_DYNAMIC_NO_PIC = NO;
				GCC_NO_COMMON_BLOCKS = YES;
				GCC_OPTIMIZATION_LEVEL = 0;
				GCC_PREPROCESSOR_DEFINITIONS = (
					"DEBUG=1",
					"$(inherited)",
				);
				GCC_WARN_64_TO_32_BIT_CONVERSION = YES;
				GCC_WARN_ABOUT_RETURN_TYPE = YES_ERROR;
				GCC_WARN_UNDECLARED_SELECTOR = YES;
				GCC_WARN_UNINITIALIZED_AUTOS = YES_AGGRESSIVE;
				GCC_WARN_UNUSED_FUNCTION = YES;
				GCC_WARN_UNUSED_VARIABLE = YES;
				IPHONEOS_DEPLOYMENT_TARGET = 16.4;
				MTL_ENABLE_DEBUG_INFO = INCLUDE_SOURCE;
				MTL_FAST_MATH = YES;
				ONLY_ACTIVE_ARCH = YES;
				SDKROOT = iphoneos;
				SWIFT_ACTIVE_COMPILATION_CONDITIONS = DEBUG;
				SWIFT_OPTIMIZATION_LEVEL = "-Onone";
			};
			name = Debug;
		};
		ED2076B82B71188A00B3400C /* Release */ = {
			isa = XCBuildConfiguration;
			buildSettings = {
				ALWAYS_SEARCH_USER_PATHS = NO;
				CLANG_ANALYZER_NONNULL = YES;
				CLANG_ANALYZER_NUMBER_OBJECT_CONVERSION = YES_AGGRESSIVE;
				CLANG_CXX_LANGUAGE_STANDARD = "gnu++20";
				CLANG_ENABLE_MODULES = YES;
				CLANG_ENABLE_OBJC_ARC = YES;
				CLANG_ENABLE_OBJC_WEAK = YES;
				CLANG_WARN_BLOCK_CAPTURE_AUTORELEASING = YES;
				CLANG_WARN_BOOL_CONVERSION = YES;
				CLANG_WARN_COMMA = YES;
				CLANG_WARN_CONSTANT_CONVERSION = YES;
				CLANG_WARN_DEPRECATED_OBJC_IMPLEMENTATIONS = YES;
				CLANG_WARN_DIRECT_OBJC_ISA_USAGE = YES_ERROR;
				CLANG_WARN_DOCUMENTATION_COMMENTS = YES;
				CLANG_WARN_EMPTY_BODY = YES;
				CLANG_WARN_ENUM_CONVERSION = YES;
				CLANG_WARN_INFINITE_RECURSION = YES;
				CLANG_WARN_INT_CONVERSION = YES;
				CLANG_WARN_NON_LITERAL_NULL_CONVERSION = YES;
				CLANG_WARN_OBJC_IMPLICIT_RETAIN_SELF = YES;
				CLANG_WARN_OBJC_LITERAL_CONVERSION = YES;
				CLANG_WARN_OBJC_ROOT_CLASS = YES_ERROR;
				CLANG_WARN_QUOTED_INCLUDE_IN_FRAMEWORK_HEADER = YES;
				CLANG_WARN_RANGE_LOOP_ANALYSIS = YES;
				CLANG_WARN_STRICT_PROTOTYPES = YES;
				CLANG_WARN_SUSPICIOUS_MOVE = YES;
				CLANG_WARN_UNGUARDED_AVAILABILITY = YES_AGGRESSIVE;
				CLANG_WARN_UNREACHABLE_CODE = YES;
				CLANG_WARN__DUPLICATE_METHOD_MATCH = YES;
				COPY_PHASE_STRIP = NO;
				DEBUG_INFORMATION_FORMAT = "dwarf-with-dsym";
				ENABLE_NS_ASSERTIONS = NO;
				ENABLE_STRICT_OBJC_MSGSEND = YES;
				GCC_C_LANGUAGE_STANDARD = gnu11;
				GCC_NO_COMMON_BLOCKS = YES;
				GCC_WARN_64_TO_32_BIT_CONVERSION = YES;
				GCC_WARN_ABOUT_RETURN_TYPE = YES_ERROR;
				GCC_WARN_UNDECLARED_SELECTOR = YES;
				GCC_WARN_UNINITIALIZED_AUTOS = YES_AGGRESSIVE;
				GCC_WARN_UNUSED_FUNCTION = YES;
				GCC_WARN_UNUSED_VARIABLE = YES;
				IPHONEOS_DEPLOYMENT_TARGET = 16.4;
				MTL_ENABLE_DEBUG_INFO = NO;
				MTL_FAST_MATH = YES;
				SDKROOT = iphoneos;
				SWIFT_COMPILATION_MODE = wholemodule;
				SWIFT_OPTIMIZATION_LEVEL = "-O";
				VALIDATE_PRODUCT = YES;
			};
			name = Release;
		};
		ED2076BA2B71188A00B3400C /* Debug */ = {
			isa = XCBuildConfiguration;
			buildSettings = {
				ASSETCATALOG_COMPILER_APPICON_NAME = AppIcon;
				ASSETCATALOG_COMPILER_GLOBAL_ACCENT_COLOR_NAME = AccentColor;
				CODE_SIGN_STYLE = Automatic;
				CURRENT_PROJECT_VERSION = 1;
				EMBED_ASSET_PACKS_IN_PRODUCT_BUNDLE = YES;
				GENERATE_INFOPLIST_FILE = YES;
				INFOPLIST_FILE = UIKitDZ/Info.plist;
				INFOPLIST_KEY_UIApplicationSupportsIndirectInputEvents = YES;
				INFOPLIST_KEY_UILaunchStoryboardName = LaunchScreen;
				INFOPLIST_KEY_UISupportedInterfaceOrientations_iPad = "UIInterfaceOrientationPortrait UIInterfaceOrientationPortraitUpsideDown UIInterfaceOrientationLandscapeLeft UIInterfaceOrientationLandscapeRight";
				INFOPLIST_KEY_UISupportedInterfaceOrientations_iPhone = "UIInterfaceOrientationPortrait UIInterfaceOrientationLandscapeLeft UIInterfaceOrientationLandscapeRight";
				LD_RUNPATH_SEARCH_PATHS = (
					"$(inherited)",
					"@executable_path/Frameworks",
				);
				MARKETING_VERSION = 1.0;
				PRODUCT_BUNDLE_IDENTIFIER = ru.helendud.UIKitDZ;
				PRODUCT_NAME = "$(TARGET_NAME)";
				SWIFT_EMIT_LOC_STRINGS = YES;
				SWIFT_VERSION = 5.0;
				TARGETED_DEVICE_FAMILY = "1,2";
			};
			name = Debug;
		};
		ED2076BB2B71188A00B3400C /* Release */ = {
			isa = XCBuildConfiguration;
			buildSettings = {
				ASSETCATALOG_COMPILER_APPICON_NAME = AppIcon;
				ASSETCATALOG_COMPILER_GLOBAL_ACCENT_COLOR_NAME = AccentColor;
				CODE_SIGN_STYLE = Automatic;
				CURRENT_PROJECT_VERSION = 1;
				EMBED_ASSET_PACKS_IN_PRODUCT_BUNDLE = YES;
				GENERATE_INFOPLIST_FILE = YES;
				INFOPLIST_FILE = UIKitDZ/Info.plist;
				INFOPLIST_KEY_UIApplicationSupportsIndirectInputEvents = YES;
				INFOPLIST_KEY_UILaunchStoryboardName = LaunchScreen;
				INFOPLIST_KEY_UISupportedInterfaceOrientations_iPad = "UIInterfaceOrientationPortrait UIInterfaceOrientationPortraitUpsideDown UIInterfaceOrientationLandscapeLeft UIInterfaceOrientationLandscapeRight";
				INFOPLIST_KEY_UISupportedInterfaceOrientations_iPhone = "UIInterfaceOrientationPortrait UIInterfaceOrientationLandscapeLeft UIInterfaceOrientationLandscapeRight";
				LD_RUNPATH_SEARCH_PATHS = (
					"$(inherited)",
					"@executable_path/Frameworks",
				);
				MARKETING_VERSION = 1.0;
				PRODUCT_BUNDLE_IDENTIFIER = ru.helendud.UIKitDZ;
				PRODUCT_NAME = "$(TARGET_NAME)";
				SWIFT_EMIT_LOC_STRINGS = YES;
				SWIFT_VERSION = 5.0;
				TARGETED_DEVICE_FAMILY = "1,2";
			};
			name = Release;
		};
/* End XCBuildConfiguration section */

/* Begin XCConfigurationList section */
		ED2076A02B71188900B3400C /* Build configuration list for PBXProject "UIKitDZ" */ = {
			isa = XCConfigurationList;
			buildConfigurations = (
				ED2076B72B71188A00B3400C /* Debug */,
				ED2076B82B71188A00B3400C /* Release */,
			);
			defaultConfigurationIsVisible = 0;
			defaultConfigurationName = Release;
		};
		ED2076B92B71188A00B3400C /* Build configuration list for PBXNativeTarget "UIKitDZ" */ = {
			isa = XCConfigurationList;
			buildConfigurations = (
				ED2076BA2B71188A00B3400C /* Debug */,
				ED2076BB2B71188A00B3400C /* Release */,
			);
			defaultConfigurationIsVisible = 0;
			defaultConfigurationName = Release;
		};
/* End XCConfigurationList section */
	};
	rootObject = ED20769D2B71188900B3400C /* Project object */;
}
