// !$*UTF8*$!
{
	archiveVersion = 1;
	classes = {
	};
	objectVersion = 56;
	objects = {

/* Begin PBXBuildFile section */
		6FEA088F2B7F332D007EC1E9 /* AppConstant.swift in Sources */ = {isa = PBXBuildFile; fileRef = 6FEA088E2B7F332D007EC1E9 /* AppConstant.swift */; };
		6FEA08912B7F3543007EC1E9 /* SizeViewController+Extension.swift in Sources */ = {isa = PBXBuildFile; fileRef = 6FEA08902B7F3543007EC1E9 /* SizeViewController+Extension.swift */; };
		6FEA08932B7F36DE007EC1E9 /* ShoesViewController+Extension.swift in Sources */ = {isa = PBXBuildFile; fileRef = 6FEA08922B7F36DE007EC1E9 /* ShoesViewController+Extension.swift */; };
		6FEA08952B7F3CE6007EC1E9 /* СatalogViewController+Extension.swift in Sources */ = {isa = PBXBuildFile; fileRef = 6FEA08942B7F3CE6007EC1E9 /* СatalogViewController+Extension.swift */; };
		ED0A3EB92B7CD2FF00199698 /* BasketViewController.swift in Sources */ = {isa = PBXBuildFile; fileRef = ED0A3EB82B7CD2FF00199698 /* BasketViewController.swift */; };
		ED0A3EBB2B7CD34300199698 /* ProfileViewController.swift in Sources */ = {isa = PBXBuildFile; fileRef = ED0A3EBA2B7CD34300199698 /* ProfileViewController.swift */; };
		ED0A3EC02B7CD3BC00199698 /* ShoesViewController.swift in Sources */ = {isa = PBXBuildFile; fileRef = ED0A3EBF2B7CD3BC00199698 /* ShoesViewController.swift */; };
		ED0A3EC22B7CD3D200199698 /* SizeViewController.swift in Sources */ = {isa = PBXBuildFile; fileRef = ED0A3EC12B7CD3D200199698 /* SizeViewController.swift */; };
		ED0A3EC42B7CD42D00199698 /* UserDataViewController.swift in Sources */ = {isa = PBXBuildFile; fileRef = ED0A3EC32B7CD42D00199698 /* UserDataViewController.swift */; };
		ED2076A92B71188900B3400C /* AppDelegate.swift in Sources */ = {isa = PBXBuildFile; fileRef = ED2076A82B71188900B3400C /* AppDelegate.swift */; };
		ED2076AB2B71188900B3400C /* SceneDelegate.swift in Sources */ = {isa = PBXBuildFile; fileRef = ED2076AA2B71188900B3400C /* SceneDelegate.swift */; };
		ED2076AD2B71188900B3400C /* CatalogViewController.swift in Sources */ = {isa = PBXBuildFile; fileRef = ED2076AC2B71188900B3400C /* CatalogViewController.swift */; };
		ED2076B52B71188A00B3400C /* LaunchScreen.storyboard in Resources */ = {isa = PBXBuildFile; fileRef = ED2076B32B71188A00B3400C /* LaunchScreen.storyboard */; };
		ED6E200D2B80D06200689715 /* UserBasket.swift in Sources */ = {isa = PBXBuildFile; fileRef = ED6E200C2B80D06200689715 /* UserBasket.swift */; };
		ED71DF652B7E5D5800B2D0C1 /* MarketplaceTabBarController.swift in Sources */ = {isa = PBXBuildFile; fileRef = ED71DF642B7E5D5800B2D0C1 /* MarketplaceTabBarController.swift */; };
		ED71DF692B7E5DF200B2D0C1 /* Assets.xcassets in Resources */ = {isa = PBXBuildFile; fileRef = ED71DF682B7E5DF200B2D0C1 /* Assets.xcassets */; };
/* End PBXBuildFile section */

/* Begin PBXFileReference section */
		6FEA088C2B7E9695007EC1E9 /* Verdana-Bold.ttf */ = {isa = PBXFileReference; lastKnownFileType = file; path = "Verdana-Bold.ttf"; sourceTree = "<group>"; };
		6FEA088D2B7E969F007EC1E9 /* Verdana.ttf */ = {isa = PBXFileReference; lastKnownFileType = file; path = Verdana.ttf; sourceTree = "<group>"; };
		6FEA088E2B7F332D007EC1E9 /* AppConstant.swift */ = {isa = PBXFileReference; lastKnownFileType = sourcecode.swift; path = AppConstant.swift; sourceTree = "<group>"; };
		6FEA08902B7F3543007EC1E9 /* SizeViewController+Extension.swift */ = {isa = PBXFileReference; lastKnownFileType = sourcecode.swift; path = "SizeViewController+Extension.swift"; sourceTree = "<group>"; };
		6FEA08922B7F36DE007EC1E9 /* ShoesViewController+Extension.swift */ = {isa = PBXFileReference; lastKnownFileType = sourcecode.swift; path = "ShoesViewController+Extension.swift"; sourceTree = "<group>"; };
		6FEA08942B7F3CE6007EC1E9 /* СatalogViewController+Extension.swift */ = {isa = PBXFileReference; lastKnownFileType = sourcecode.swift; path = "СatalogViewController+Extension.swift"; sourceTree = "<group>"; };
		ED0A3EB82B7CD2FF00199698 /* BasketViewController.swift */ = {isa = PBXFileReference; lastKnownFileType = sourcecode.swift; path = BasketViewController.swift; sourceTree = "<group>"; };
		ED0A3EBA2B7CD34300199698 /* ProfileViewController.swift */ = {isa = PBXFileReference; lastKnownFileType = sourcecode.swift; path = ProfileViewController.swift; sourceTree = "<group>"; };
		ED0A3EBF2B7CD3BC00199698 /* ShoesViewController.swift */ = {isa = PBXFileReference; lastKnownFileType = sourcecode.swift; path = ShoesViewController.swift; sourceTree = "<group>"; };
		ED0A3EC12B7CD3D200199698 /* SizeViewController.swift */ = {isa = PBXFileReference; lastKnownFileType = sourcecode.swift; path = SizeViewController.swift; sourceTree = "<group>"; };
		ED0A3EC32B7CD42D00199698 /* UserDataViewController.swift */ = {isa = PBXFileReference; lastKnownFileType = sourcecode.swift; path = UserDataViewController.swift; sourceTree = "<group>"; };
		ED2076A52B71188900B3400C /* UIKitDZ.app */ = {isa = PBXFileReference; explicitFileType = wrapper.application; includeInIndex = 0; path = UIKitDZ.app; sourceTree = BUILT_PRODUCTS_DIR; };
		ED2076A82B71188900B3400C /* AppDelegate.swift */ = {isa = PBXFileReference; lastKnownFileType = sourcecode.swift; path = AppDelegate.swift; sourceTree = "<group>"; };
		ED2076AA2B71188900B3400C /* SceneDelegate.swift */ = {isa = PBXFileReference; lastKnownFileType = sourcecode.swift; path = SceneDelegate.swift; sourceTree = "<group>"; };
		ED2076AC2B71188900B3400C /* CatalogViewController.swift */ = {isa = PBXFileReference; lastKnownFileType = sourcecode.swift; path = CatalogViewController.swift; sourceTree = "<group>"; };
		ED2076B42B71188A00B3400C /* Base */ = {isa = PBXFileReference; lastKnownFileType = file.storyboard; name = Base; path = Base.lproj/LaunchScreen.storyboard; sourceTree = "<group>"; };
		ED2076B62B71188A00B3400C /* Info.plist */ = {isa = PBXFileReference; lastKnownFileType = text.plist.xml; path = Info.plist; sourceTree = "<group>"; };
		ED6E200C2B80D06200689715 /* UserBasket.swift */ = {isa = PBXFileReference; fileEncoding = 4; lastKnownFileType = sourcecode.swift; path = UserBasket.swift; sourceTree = "<group>"; };
		ED71DF642B7E5D5800B2D0C1 /* MarketplaceTabBarController.swift */ = {isa = PBXFileReference; fileEncoding = 4; lastKnownFileType = sourcecode.swift; path = MarketplaceTabBarController.swift; sourceTree = "<group>"; };
		ED71DF682B7E5DF200B2D0C1 /* Assets.xcassets */ = {isa = PBXFileReference; lastKnownFileType = folder.assetcatalog; path = Assets.xcassets; sourceTree = "<group>"; };
/* End PBXFileReference section */

/* Begin PBXFrameworksBuildPhase section */
		ED2076A22B71188900B3400C /* Frameworks */ = {
			isa = PBXFrameworksBuildPhase;
			buildActionMask = 2147483647;
			files = (
			);
			runOnlyForDeploymentPostprocessing = 0;
		};
/* End PBXFrameworksBuildPhase section */

/* Begin PBXGroup section */
		6FEA08A42B7F4792007EC1E9 /* Extensions */ = {
			isa = PBXGroup;
			children = (
				6FEA08942B7F3CE6007EC1E9 /* СatalogViewController+Extension.swift */,
				6FEA08902B7F3543007EC1E9 /* SizeViewController+Extension.swift */,
				6FEA08922B7F36DE007EC1E9 /* ShoesViewController+Extension.swift */,
			);
			path = Extensions;
			sourceTree = "<group>";
		};
		ED0A3EB72B7CD24300199698 /* Delegate */ = {
			isa = PBXGroup;
			children = (
				ED2076A82B71188900B3400C /* AppDelegate.swift */,
				ED2076AA2B71188900B3400C /* SceneDelegate.swift */,
				6FEA088E2B7F332D007EC1E9 /* AppConstant.swift */,
			);
			path = Delegate;
			sourceTree = "<group>";
		};
		ED0A3EBC2B7CD36300199698 /* Catalog */ = {
			isa = PBXGroup;
			children = (
				ED2076AC2B71188900B3400C /* CatalogViewController.swift */,
				ED0A3EBF2B7CD3BC00199698 /* ShoesViewController.swift */,
				ED0A3EC12B7CD3D200199698 /* SizeViewController.swift */,
			);
			path = Catalog;
			sourceTree = "<group>";
		};
		ED0A3EBD2B7CD36E00199698 /* Basket */ = {
			isa = PBXGroup;
			children = (
				ED6E200C2B80D06200689715 /* UserBasket.swift */,
				ED0A3EB82B7CD2FF00199698 /* BasketViewController.swift */,
			);
			path = Basket;
			sourceTree = "<group>";
		};
		ED0A3EBE2B7CD37D00199698 /* Profile */ = {
			isa = PBXGroup;
			children = (
				ED0A3EBA2B7CD34300199698 /* ProfileViewController.swift */,
				ED0A3EC32B7CD42D00199698 /* UserDataViewController.swift */,
			);
			path = Profile;
			sourceTree = "<group>";
		};
		ED20769C2B71188900B3400C = {
			isa = PBXGroup;
			children = (
				ED2076A72B71188900B3400C /* UIKitDZ */,
				ED2076A62B71188900B3400C /* Products */,
			);
			sourceTree = "<group>";
		};
		ED2076A62B71188900B3400C /* Products */ = {
			isa = PBXGroup;
			children = (
				ED2076A52B71188900B3400C /* UIKitDZ.app */,
			);
			name = Products;
			sourceTree = "<group>";
		};
		ED2076A72B71188900B3400C /* UIKitDZ */ = {
			isa = PBXGroup;
			children = (
				ED71DF5F2B7E553F00B2D0C1 /* TabBar */,
				ED0A3EBE2B7CD37D00199698 /* Profile */,
				ED0A3EBD2B7CD36E00199698 /* Basket */,
				ED0A3EBC2B7CD36300199698 /* Catalog */,
				ED0A3EB72B7CD24300199698 /* Delegate */,
				ED2076B32B71188A00B3400C /* LaunchScreen.storyboard */,
				ED2076B62B71188A00B3400C /* Info.plist */,
				ED71DF682B7E5DF200B2D0C1 /* Assets.xcassets */,
				6FEA088C2B7E9695007EC1E9 /* Verdana-Bold.ttf */,
				6FEA088D2B7E969F007EC1E9 /* Verdana.ttf */,
				6FEA08A42B7F4792007EC1E9 /* Extensions */,
			);
			path = UIKitDZ;
			sourceTree = "<group>";
		};
		ED71DF5F2B7E553F00B2D0C1 /* TabBar */ = {
			isa = PBXGroup;
			children = (
				ED71DF642B7E5D5800B2D0C1 /* MarketplaceTabBarController.swift */,
			);
			path = TabBar;
			sourceTree = "<group>";
		};
/* End PBXGroup section */

/* Begin PBXNativeTarget section */
		ED2076A42B71188900B3400C /* UIKitDZ */ = {
			isa = PBXNativeTarget;
			buildConfigurationList = ED2076B92B71188A00B3400C /* Build configuration list for PBXNativeTarget "UIKitDZ" */;
			buildPhases = (
				ED2076E22B72205100B3400C /* SwiftFormat */,
				ED2076E12B721B1200B3400C /* SwiftLint */,
				ED2076A12B71188900B3400C /* Sources */,
				ED2076A22B71188900B3400C /* Frameworks */,
				ED2076A32B71188900B3400C /* Resources */,
			);
			buildRules = (
			);
			dependencies = (
			);
			name = UIKitDZ;
			productName = UIKitDZ;
			productReference = ED2076A52B71188900B3400C /* UIKitDZ.app */;
			productType = "com.apple.product-type.application";
		};
/* End PBXNativeTarget section */

/* Begin PBXProject section */
		ED20769D2B71188900B3400C /* Project object */ = {
			isa = PBXProject;
			attributes = {
				BuildIndependentTargetsInParallel = 1;
				LastSwiftUpdateCheck = 1430;
				LastUpgradeCheck = 1430;
				TargetAttributes = {
					ED2076A42B71188900B3400C = {
						CreatedOnToolsVersion = 14.3.1;
					};
				};
			};
			buildConfigurationList = ED2076A02B71188900B3400C /* Build configuration list for PBXProject "UIKitDZ" */;
			compatibilityVersion = "Xcode 14.0";
			developmentRegion = en;
			hasScannedForEncodings = 0;
			knownRegions = (
				en,
				Base,
			);
			mainGroup = ED20769C2B71188900B3400C;
			productRefGroup = ED2076A62B71188900B3400C /* Products */;
			projectDirPath = "";
			projectRoot = "";
			targets = (
				ED2076A42B71188900B3400C /* UIKitDZ */,
			);
		};
/* End PBXProject section */

/* Begin PBXResourcesBuildPhase section */
		ED2076A32B71188900B3400C /* Resources */ = {
			isa = PBXResourcesBuildPhase;
			buildActionMask = 2147483647;
			files = (
				ED71DF692B7E5DF200B2D0C1 /* Assets.xcassets in Resources */,
				ED2076B52B71188A00B3400C /* LaunchScreen.storyboard in Resources */,
			);
			runOnlyForDeploymentPostprocessing = 0;
		};
/* End PBXResourcesBuildPhase section */

/* Begin PBXShellScriptBuildPhase section */
		ED2076E12B721B1200B3400C /* SwiftLint */ = {
			isa = PBXShellScriptBuildPhase;
			alwaysOutOfDate = 1;
			buildActionMask = 2147483647;
			files = (
			);
			inputFileListPaths = (
			);
			inputPaths = (
			);
			name = SwiftLint;
			outputFileListPaths = (
			);
			outputPaths = (
			);
			runOnlyForDeploymentPostprocessing = 0;
			shellPath = /bin/sh;
			shellScript = "if [[ \"$(uname -m)\" == arm64 ]]; then\n    export PATH=\"/opt/homebrew/bin:$PATH\"\nfi\n\nif which swiftlint > /dev/null; then\n  swiftlint\nelse\n  echo \"warning: SwiftLint not installed, download from https://github.com/realm/SwiftLint\"\nfi\n";
			showEnvVarsInLog = 0;
		};
		ED2076E22B72205100B3400C /* SwiftFormat */ = {
			isa = PBXShellScriptBuildPhase;
			alwaysOutOfDate = 1;
			buildActionMask = 2147483647;
			files = (
			);
			inputFileListPaths = (
			);
			inputPaths = (
			);
			name = SwiftFormat;
			outputFileListPaths = (
			);
			outputPaths = (
			);
			runOnlyForDeploymentPostprocessing = 0;
			shellPath = /bin/sh;
			shellScript = "if [[ \"$(uname -m)\" == arm64 ]]; then\n    export PATH=\"/opt/homebrew/bin:$PATH\"\nfi\n\nif which swiftformat > /dev/null; then\n  swiftformat .\nelse\n  echo \"warning: SwiftFormat not installed, download from https://github.com/nicklockwood/SwiftFormat\"\nfi\n";
			showEnvVarsInLog = 0;
		};
/* End PBXShellScriptBuildPhase section */

/* Begin PBXSourcesBuildPhase section */
		ED2076A12B71188900B3400C /* Sources */ = {
			isa = PBXSourcesBuildPhase;
			buildActionMask = 2147483647;
			files = (
				ED6E200D2B80D06200689715 /* UserBasket.swift in Sources */,
				ED2076AD2B71188900B3400C /* CatalogViewController.swift in Sources */,
				ED0A3EC22B7CD3D200199698 /* SizeViewController.swift in Sources */,
				ED2076A92B71188900B3400C /* AppDelegate.swift in Sources */,
				ED71DF652B7E5D5800B2D0C1 /* MarketplaceTabBarController.swift in Sources */,
				ED0A3EBB2B7CD34300199698 /* ProfileViewController.swift in Sources */,
				6FEA08912B7F3543007EC1E9 /* SizeViewController+Extension.swift in Sources */,
				ED0A3EC02B7CD3BC00199698 /* ShoesViewController.swift in Sources */,
				6FEA08932B7F36DE007EC1E9 /* ShoesViewController+Extension.swift in Sources */,
				ED0A3EB92B7CD2FF00199698 /* BasketViewController.swift in Sources */,
				6FEA088F2B7F332D007EC1E9 /* AppConstant.swift in Sources */,
				6FEA08952B7F3CE6007EC1E9 /* СatalogViewController+Extension.swift in Sources */,
				ED2076AB2B71188900B3400C /* SceneDelegate.swift in Sources */,
				ED0A3EC42B7CD42D00199698 /* UserDataViewController.swift in Sources */,
			);
			runOnlyForDeploymentPostprocessing = 0;
		};
/* End PBXSourcesBuildPhase section */

/* Begin PBXVariantGroup section */
		ED2076B32B71188A00B3400C /* LaunchScreen.storyboard */ = {
			isa = PBXVariantGroup;
			children = (
				ED2076B42B71188A00B3400C /* Base */,
			);
			name = LaunchScreen.storyboard;
			sourceTree = "<group>";
		};
/* End PBXVariantGroup section */

/* Begin XCBuildConfiguration section */
		ED2076B72B71188A00B3400C /* Debug */ = {
			isa = XCBuildConfiguration;
			buildSettings = {
				ALWAYS_SEARCH_USER_PATHS = NO;
				CLANG_ANALYZER_NONNULL = YES;
				CLANG_ANALYZER_NUMBER_OBJECT_CONVERSION = YES_AGGRESSIVE;
				CLANG_CXX_LANGUAGE_STANDARD = "gnu++20";
				CLANG_ENABLE_MODULES = YES;
				CLANG_ENABLE_OBJC_ARC = YES;
				CLANG_ENABLE_OBJC_WEAK = YES;
				CLANG_WARN_BLOCK_CAPTURE_AUTORELEASING = YES;
				CLANG_WARN_BOOL_CONVERSION = YES;
				CLANG_WARN_COMMA = YES;
				CLANG_WARN_CONSTANT_CONVERSION = YES;
				CLANG_WARN_DEPRECATED_OBJC_IMPLEMENTATIONS = YES;
				CLANG_WARN_DIRECT_OBJC_ISA_USAGE = YES_ERROR;
				CLANG_WARN_DOCUMENTATION_COMMENTS = YES;
				CLANG_WARN_EMPTY_BODY = YES;
				CLANG_WARN_ENUM_CONVERSION = YES;
				CLANG_WARN_INFINITE_RECURSION = YES;
				CLANG_WARN_INT_CONVERSION = YES;
				CLANG_WARN_NON_LITERAL_NULL_CONVERSION = YES;
				CLANG_WARN_OBJC_IMPLICIT_RETAIN_SELF = YES;
				CLANG_WARN_OBJC_LITERAL_CONVERSION = YES;
				CLANG_WARN_OBJC_ROOT_CLASS = YES_ERROR;
				CLANG_WARN_QUOTED_INCLUDE_IN_FRAMEWORK_HEADER = YES;
				CLANG_WARN_RANGE_LOOP_ANALYSIS = YES;
				CLANG_WARN_STRICT_PROTOTYPES = YES;
				CLANG_WARN_SUSPICIOUS_MOVE = YES;
				CLANG_WARN_UNGUARDED_AVAILABILITY = YES_AGGRESSIVE;
				CLANG_WARN_UNREACHABLE_CODE = YES;
				CLANG_WARN__DUPLICATE_METHOD_MATCH = YES;
				COPY_PHASE_STRIP = NO;
				DEBUG_INFORMATION_FORMAT = dwarf;
				ENABLE_STRICT_OBJC_MSGSEND = YES;
				ENABLE_TESTABILITY = YES;
				GCC_C_LANGUAGE_STANDARD = gnu11;
				GCC_DYNAMIC_NO_PIC = NO;
				GCC_NO_COMMON_BLOCKS = YES;
				GCC_OPTIMIZATION_LEVEL = 0;
				GCC_PREPROCESSOR_DEFINITIONS = (
					"DEBUG=1",
					"$(inherited)",
				);
				GCC_WARN_64_TO_32_BIT_CONVERSION = YES;
				GCC_WARN_ABOUT_RETURN_TYPE = YES_ERROR;
				GCC_WARN_UNDECLARED_SELECTOR = YES;
				GCC_WARN_UNINITIALIZED_AUTOS = YES_AGGRESSIVE;
				GCC_WARN_UNUSED_FUNCTION = YES;
				GCC_WARN_UNUSED_VARIABLE = YES;
				IPHONEOS_DEPLOYMENT_TARGET = 16.4;
				MTL_ENABLE_DEBUG_INFO = INCLUDE_SOURCE;
				MTL_FAST_MATH = YES;
				ONLY_ACTIVE_ARCH = YES;
				SDKROOT = iphoneos;
				SWIFT_ACTIVE_COMPILATION_CONDITIONS = DEBUG;
				SWIFT_OPTIMIZATION_LEVEL = "-Onone";
			};
			name = Debug;
		};
		ED2076B82B71188A00B3400C /* Release */ = {
			isa = XCBuildConfiguration;
			buildSettings = {
				ALWAYS_SEARCH_USER_PATHS = NO;
				CLANG_ANALYZER_NONNULL = YES;
				CLANG_ANALYZER_NUMBER_OBJECT_CONVERSION = YES_AGGRESSIVE;
				CLANG_CXX_LANGUAGE_STANDARD = "gnu++20";
				CLANG_ENABLE_MODULES = YES;
				CLANG_ENABLE_OBJC_ARC = YES;
				CLANG_ENABLE_OBJC_WEAK = YES;
				CLANG_WARN_BLOCK_CAPTURE_AUTORELEASING = YES;
				CLANG_WARN_BOOL_CONVERSION = YES;
				CLANG_WARN_COMMA = YES;
				CLANG_WARN_CONSTANT_CONVERSION = YES;
				CLANG_WARN_DEPRECATED_OBJC_IMPLEMENTATIONS = YES;
				CLANG_WARN_DIRECT_OBJC_ISA_USAGE = YES_ERROR;
				CLANG_WARN_DOCUMENTATION_COMMENTS = YES;
				CLANG_WARN_EMPTY_BODY = YES;
				CLANG_WARN_ENUM_CONVERSION = YES;
				CLANG_WARN_INFINITE_RECURSION = YES;
				CLANG_WARN_INT_CONVERSION = YES;
				CLANG_WARN_NON_LITERAL_NULL_CONVERSION = YES;
				CLANG_WARN_OBJC_IMPLICIT_RETAIN_SELF = YES;
				CLANG_WARN_OBJC_LITERAL_CONVERSION = YES;
				CLANG_WARN_OBJC_ROOT_CLASS = YES_ERROR;
				CLANG_WARN_QUOTED_INCLUDE_IN_FRAMEWORK_HEADER = YES;
				CLANG_WARN_RANGE_LOOP_ANALYSIS = YES;
				CLANG_WARN_STRICT_PROTOTYPES = YES;
				CLANG_WARN_SUSPICIOUS_MOVE = YES;
				CLANG_WARN_UNGUARDED_AVAILABILITY = YES_AGGRESSIVE;
				CLANG_WARN_UNREACHABLE_CODE = YES;
				CLANG_WARN__DUPLICATE_METHOD_MATCH = YES;
				COPY_PHASE_STRIP = NO;
				DEBUG_INFORMATION_FORMAT = "dwarf-with-dsym";
				ENABLE_NS_ASSERTIONS = NO;
				ENABLE_STRICT_OBJC_MSGSEND = YES;
				GCC_C_LANGUAGE_STANDARD = gnu11;
				GCC_NO_COMMON_BLOCKS = YES;
				GCC_WARN_64_TO_32_BIT_CONVERSION = YES;
				GCC_WARN_ABOUT_RETURN_TYPE = YES_ERROR;
				GCC_WARN_UNDECLARED_SELECTOR = YES;
				GCC_WARN_UNINITIALIZED_AUTOS = YES_AGGRESSIVE;
				GCC_WARN_UNUSED_FUNCTION = YES;
				GCC_WARN_UNUSED_VARIABLE = YES;
				IPHONEOS_DEPLOYMENT_TARGET = 16.4;
				MTL_ENABLE_DEBUG_INFO = NO;
				MTL_FAST_MATH = YES;
				SDKROOT = iphoneos;
				SWIFT_COMPILATION_MODE = wholemodule;
				SWIFT_OPTIMIZATION_LEVEL = "-O";
				VALIDATE_PRODUCT = YES;
			};
			name = Release;
		};
		ED2076BA2B71188A00B3400C /* Debug */ = {
			isa = XCBuildConfiguration;
			buildSettings = {
				ASSETCATALOG_COMPILER_APPICON_NAME = AppIcon;
				ASSETCATALOG_COMPILER_GLOBAL_ACCENT_COLOR_NAME = AccentColor;
				CODE_SIGN_STYLE = Automatic;
				CURRENT_PROJECT_VERSION = 1;
				GENERATE_INFOPLIST_FILE = YES;
				INFOPLIST_FILE = UIKitDZ/Info.plist;
				INFOPLIST_KEY_UIApplicationSupportsIndirectInputEvents = YES;
				INFOPLIST_KEY_UILaunchStoryboardName = LaunchScreen;
				INFOPLIST_KEY_UISupportedInterfaceOrientations_iPad = "UIInterfaceOrientationPortrait UIInterfaceOrientationPortraitUpsideDown UIInterfaceOrientationLandscapeLeft UIInterfaceOrientationLandscapeRight";
				INFOPLIST_KEY_UISupportedInterfaceOrientations_iPhone = "UIInterfaceOrientationPortrait UIInterfaceOrientationLandscapeLeft UIInterfaceOrientationLandscapeRight";
				LD_RUNPATH_SEARCH_PATHS = (
					"$(inherited)",
					"@executable_path/Frameworks",
				);
				MARKETING_VERSION = 1.0;
				PRODUCT_BUNDLE_IDENTIFIER = ru.helendud.UIKitDZ;
				PRODUCT_NAME = "$(TARGET_NAME)";
				SWIFT_EMIT_LOC_STRINGS = YES;
				SWIFT_VERSION = 5.0;
				TARGETED_DEVICE_FAMILY = "1,2";
			};
			name = Debug;
		};
		ED2076BB2B71188A00B3400C /* Release */ = {
			isa = XCBuildConfiguration;
			buildSettings = {
				ASSETCATALOG_COMPILER_APPICON_NAME = AppIcon;
				ASSETCATALOG_COMPILER_GLOBAL_ACCENT_COLOR_NAME = AccentColor;
				CODE_SIGN_STYLE = Automatic;
				CURRENT_PROJECT_VERSION = 1;
				GENERATE_INFOPLIST_FILE = YES;
				INFOPLIST_FILE = UIKitDZ/Info.plist;
				INFOPLIST_KEY_UIApplicationSupportsIndirectInputEvents = YES;
				INFOPLIST_KEY_UILaunchStoryboardName = LaunchScreen;
				INFOPLIST_KEY_UISupportedInterfaceOrientations_iPad = "UIInterfaceOrientationPortrait UIInterfaceOrientationPortraitUpsideDown UIInterfaceOrientationLandscapeLeft UIInterfaceOrientationLandscapeRight";
				INFOPLIST_KEY_UISupportedInterfaceOrientations_iPhone = "UIInterfaceOrientationPortrait UIInterfaceOrientationLandscapeLeft UIInterfaceOrientationLandscapeRight";
				LD_RUNPATH_SEARCH_PATHS = (
					"$(inherited)",
					"@executable_path/Frameworks",
				);
				MARKETING_VERSION = 1.0;
				PRODUCT_BUNDLE_IDENTIFIER = ru.helendud.UIKitDZ;
				PRODUCT_NAME = "$(TARGET_NAME)";
				SWIFT_EMIT_LOC_STRINGS = YES;
				SWIFT_VERSION = 5.0;
				TARGETED_DEVICE_FAMILY = "1,2";
			};
			name = Release;
		};
/* End XCBuildConfiguration section */

/* Begin XCConfigurationList section */
		ED2076A02B71188900B3400C /* Build configuration list for PBXProject "UIKitDZ" */ = {
			isa = XCConfigurationList;
			buildConfigurations = (
				ED2076B72B71188A00B3400C /* Debug */,
				ED2076B82B71188A00B3400C /* Release */,
			);
			defaultConfigurationIsVisible = 0;
			defaultConfigurationName = Release;
		};
		ED2076B92B71188A00B3400C /* Build configuration list for PBXNativeTarget "UIKitDZ" */ = {
			isa = XCConfigurationList;
			buildConfigurations = (
				ED2076BA2B71188A00B3400C /* Debug */,
				ED2076BB2B71188A00B3400C /* Release */,
			);
			defaultConfigurationIsVisible = 0;
			defaultConfigurationName = Release;
		};
/* End XCConfigurationList section */
	};
	rootObject = ED20769D2B71188900B3400C /* Project object */;
}
